
Microsoft Visual Studio Solution File, Format Version 12.00
# Visual Studio 15
VisualStudioVersion = 15.0.27004.2002
MinimumVisualStudioVersion = 10.0.40219.1
Project("{8BC9CEB8-8B4A-11D0-8D11-00A0C91BC942}") = "Project4", "Project4\Project4.vcxproj", "{0151773E-D25E-4827-9DCB-311BA1E8B31C}"
EndProject
Global
	GlobalSection(SolutionConfigurationPlatforms) = preSolution
		Debug|x64 = Debug|x64
		Debug|x86 = Debug|x86
		Release|x64 = Release|x64
		Release|x86 = Release|x86
	EndGlobalSection
	GlobalSection(ProjectConfigurationPlatforms) = postSolution
		{0151773E-D25E-4827-9DCB-311BA1E8B31C}.Debug|x64.ActiveCfg = Debug|x64
		{0151773E-D25E-4827-9DCB-311BA1E8B31C}.Debug|x64.Build.0 = Debug|x64
		{0151773E-D25E-4827-9DCB-311BA1E8B31C}.Debug|x86.ActiveCfg = Debug|Win32
		{0151773E-D25E-4827-9DCB-311BA1E8B31C}.Debug|x86.Build.0 = Debug|Win32
		{0151773E-D25E-4827-9DCB-311BA1E8B31C}.Release|x64.ActiveCfg = Release|x64
		{0151773E-D25E-4827-9DCB-311BA1E8B31C}.Release|x64.Build.0 = Release|x64
		{0151773E-D25E-4827-9DCB-311BA1E8B31C}.Release|x86.ActiveCfg = Release|Win32
		{0151773E-D25E-4827-9DCB-311BA1E8B31C}.Release|x86.Build.0 = Release|Win32
	EndGlobalSection
	GlobalSection(SolutionProperties) = preSolution
		HideSolutionNode = FALSE
	EndGlobalSection
	GlobalSection(ExtensibilityGlobals) = postSolution
		SolutionGuid = {144E913A-96B7-42CC-93BA-FA2C780904E7}
	EndGlobalSection
EndGlobal
