
Microsoft Visual Studio Solution File, Format Version 12.00
# Visual Studio 15
VisualStudioVersion = 15.0.27004.2002
MinimumVisualStudioVersion = 10.0.40219.1
Project("{8BC9CEB8-8B4A-11D0-8D11-00A0C91BC942}") = "Project1", "Project1\Project1.vcxproj", "{A17EBE28-5846-49B5-BAED-465CE3F6D334}"
EndProject
Global
	GlobalSection(SolutionConfigurationPlatforms) = preSolution
		Debug|x64 = Debug|x64
		Debug|x86 = Debug|x86
		Release|x64 = Release|x64
		Release|x86 = Release|x86
	EndGlobalSection
	GlobalSection(ProjectConfigurationPlatforms) = postSolution
		{A17EBE28-5846-49B5-BAED-465CE3F6D334}.Debug|x64.ActiveCfg = Debug|x64
		{A17EBE28-5846-49B5-BAED-465CE3F6D334}.Debug|x64.Build.0 = Debug|x64
		{A17EBE28-5846-49B5-BAED-465CE3F6D334}.Debug|x86.ActiveCfg = Debug|Win32
		{A17EBE28-5846-49B5-BAED-465CE3F6D334}.Debug|x86.Build.0 = Debug|Win32
		{A17EBE28-5846-49B5-BAED-465CE3F6D334}.Release|x64.ActiveCfg = Release|x64
		{A17EBE28-5846-49B5-BAED-465CE3F6D334}.Release|x64.Build.0 = Release|x64
		{A17EBE28-5846-49B5-BAED-465CE3F6D334}.Release|x86.ActiveCfg = Release|Win32
		{A17EBE28-5846-49B5-BAED-465CE3F6D334}.Release|x86.Build.0 = Release|Win32
	EndGlobalSection
	GlobalSection(SolutionProperties) = preSolution
		HideSolutionNode = FALSE
	EndGlobalSection
	GlobalSection(ExtensibilityGlobals) = postSolution
		SolutionGuid = {113651BD-418A-433D-93CD-FD639E83F716}
	EndGlobalSection
EndGlobal
